
Microsoft Visual Studio Solution File, Format Version 12.00
Project("{FAE04EC0-301F-11D3-BF4B-00C04F79EFBC}") = "GildedRose", "GildedRose\GildedRose.csproj", "{9B560727-B66C-4FCA-BBA6-40E7A0AEEBE6}"
EndProject
Project("{FAE04EC0-301F-11D3-BF4B-00C04F79EFBC}") = "GildedRose.Tests", "GildedRose.Tests\GildedRose.Tests.csproj", "{5633864A-89B2-47AF-8079-26E1A5FDB9E1}"
EndProject
Project("{2150E333-8FDC-42A3-9474-1A3956D46DE8}") = "Repositories", "Repositories", "{7B794A99-9391-4045-83C6-0E9F74417A6A}"
EndProject
Project("{FAE04EC0-301F-11D3-BF4B-00C04F79EFBC}") = "ItemRepository.Interface", "ItemRepository.Interface\ItemRepository.Interface.csproj", "{D79360EA-7DD9-4F18-8763-3F3C838757F9}"
EndProject
Project("{FAE04EC0-301F-11D3-BF4B-00C04F79EFBC}") = "ItemRepository.SQLite", "ItemRepository.SQLite\ItemRepository.SQLite.csproj", "{F1F17611-98FA-45BA-856F-A5649339718E}"
EndProject
Project("{2150E333-8FDC-42A3-9474-1A3956D46DE8}") = "Items", "Items", "{651598D0-795E-4427-81EE-D2A208909007}"
EndProject
Project("{FAE04EC0-301F-11D3-BF4B-00C04F79EFBC}") = "ItemTypes.Interface", "ItemTypes.Interface\ItemTypes.Interface.csproj", "{A3463BA4-4E40-43AD-B244-EF302EFD0B9E}"
EndProject
Project("{FAE04EC0-301F-11D3-BF4B-00C04F79EFBC}") = "ItemTypes.Types", "ItemTypes.Types\ItemTypes.Types.csproj", "{92C294E4-4D56-4C5B-9AF6-837E5EE5500A}"
EndProject
Project("{FAE04EC0-301F-11D3-BF4B-00C04F79EFBC}") = "WebAPI", "WebAPI\WebAPI.csproj", "{C2335050-5DA1-48FE-ACB5-3C24687D1981}"
EndProject
Global
	GlobalSection(SolutionConfigurationPlatforms) = preSolution
		Debug|Any CPU = Debug|Any CPU
		Release|Any CPU = Release|Any CPU
	EndGlobalSection
	GlobalSection(ProjectConfigurationPlatforms) = postSolution
		{9B560727-B66C-4FCA-BBA6-40E7A0AEEBE6}.Debug|Any CPU.ActiveCfg = Debug|Any CPU
		{9B560727-B66C-4FCA-BBA6-40E7A0AEEBE6}.Debug|Any CPU.Build.0 = Debug|Any CPU
		{9B560727-B66C-4FCA-BBA6-40E7A0AEEBE6}.Release|Any CPU.ActiveCfg = Release|Any CPU
		{9B560727-B66C-4FCA-BBA6-40E7A0AEEBE6}.Release|Any CPU.Build.0 = Release|Any CPU
		{5633864A-89B2-47AF-8079-26E1A5FDB9E1}.Debug|Any CPU.ActiveCfg = Debug|Any CPU
		{5633864A-89B2-47AF-8079-26E1A5FDB9E1}.Debug|Any CPU.Build.0 = Debug|Any CPU
		{5633864A-89B2-47AF-8079-26E1A5FDB9E1}.Release|Any CPU.ActiveCfg = Release|Any CPU
		{5633864A-89B2-47AF-8079-26E1A5FDB9E1}.Release|Any CPU.Build.0 = Release|Any CPU
		{D79360EA-7DD9-4F18-8763-3F3C838757F9}.Debug|Any CPU.ActiveCfg = Debug|Any CPU
		{D79360EA-7DD9-4F18-8763-3F3C838757F9}.Debug|Any CPU.Build.0 = Debug|Any CPU
		{D79360EA-7DD9-4F18-8763-3F3C838757F9}.Release|Any CPU.ActiveCfg = Release|Any CPU
		{D79360EA-7DD9-4F18-8763-3F3C838757F9}.Release|Any CPU.Build.0 = Release|Any CPU
		{F1F17611-98FA-45BA-856F-A5649339718E}.Debug|Any CPU.ActiveCfg = Debug|Any CPU
		{F1F17611-98FA-45BA-856F-A5649339718E}.Debug|Any CPU.Build.0 = Debug|Any CPU
		{F1F17611-98FA-45BA-856F-A5649339718E}.Release|Any CPU.ActiveCfg = Release|Any CPU
		{F1F17611-98FA-45BA-856F-A5649339718E}.Release|Any CPU.Build.0 = Release|Any CPU
		{A3463BA4-4E40-43AD-B244-EF302EFD0B9E}.Debug|Any CPU.ActiveCfg = Debug|Any CPU
		{A3463BA4-4E40-43AD-B244-EF302EFD0B9E}.Debug|Any CPU.Build.0 = Debug|Any CPU
		{A3463BA4-4E40-43AD-B244-EF302EFD0B9E}.Release|Any CPU.ActiveCfg = Release|Any CPU
		{A3463BA4-4E40-43AD-B244-EF302EFD0B9E}.Release|Any CPU.Build.0 = Release|Any CPU
		{92C294E4-4D56-4C5B-9AF6-837E5EE5500A}.Debug|Any CPU.ActiveCfg = Debug|Any CPU
		{92C294E4-4D56-4C5B-9AF6-837E5EE5500A}.Debug|Any CPU.Build.0 = Debug|Any CPU
		{92C294E4-4D56-4C5B-9AF6-837E5EE5500A}.Release|Any CPU.ActiveCfg = Release|Any CPU
		{92C294E4-4D56-4C5B-9AF6-837E5EE5500A}.Release|Any CPU.Build.0 = Release|Any CPU
		{C2335050-5DA1-48FE-ACB5-3C24687D1981}.Debug|Any CPU.ActiveCfg = Debug|Any CPU
		{C2335050-5DA1-48FE-ACB5-3C24687D1981}.Debug|Any CPU.Build.0 = Debug|Any CPU
		{C2335050-5DA1-48FE-ACB5-3C24687D1981}.Release|Any CPU.ActiveCfg = Release|Any CPU
		{C2335050-5DA1-48FE-ACB5-3C24687D1981}.Release|Any CPU.Build.0 = Release|Any CPU
	EndGlobalSection
	GlobalSection(NestedProjects) = preSolution
		{D79360EA-7DD9-4F18-8763-3F3C838757F9} = {7B794A99-9391-4045-83C6-0E9F74417A6A}
		{F1F17611-98FA-45BA-856F-A5649339718E} = {7B794A99-9391-4045-83C6-0E9F74417A6A}
		{A3463BA4-4E40-43AD-B244-EF302EFD0B9E} = {651598D0-795E-4427-81EE-D2A208909007}
		{92C294E4-4D56-4C5B-9AF6-837E5EE5500A} = {651598D0-795E-4427-81EE-D2A208909007}
	EndGlobalSection
EndGlobal
